
Microsoft Visual Studio Solution File, Format Version 12.00
# Visual Studio Version 17
VisualStudioVersion = 17.13.35818.85 d17.13
MinimumVisualStudioVersion = 10.0.40219.1
Project("{FAE04EC0-301F-11D3-BF4B-00C04F79EFBC}") = "EquipamentosRetrabalho", "EquipamentosRetrabalho\EquipamentosRetrabalho.csproj", "{7144CF3B-7645-44C6-A627-7313B22F27A2}"
EndProject
Global
	GlobalSection(SolutionConfigurationPlatforms) = preSolution
		Debug|Any CPU = Debug|Any CPU
		Release|Any CPU = Release|Any CPU
	EndGlobalSection
	GlobalSection(ProjectConfigurationPlatforms) = postSolution
		{7144CF3B-7645-44C6-A627-7313B22F27A2}.Debug|Any CPU.ActiveCfg = Debug|Any CPU
		{7144CF3B-7645-44C6-A627-7313B22F27A2}.Debug|Any CPU.Build.0 = Debug|Any CPU
		{7144CF3B-7645-44C6-A627-7313B22F27A2}.Release|Any CPU.ActiveCfg = Release|Any CPU
		{7144CF3B-7645-44C6-A627-7313B22F27A2}.Release|Any CPU.Build.0 = Release|Any CPU
	EndGlobalSection
	GlobalSection(SolutionProperties) = preSolution
		HideSolutionNode = FALSE
	EndGlobalSection
	GlobalSection(ExtensibilityGlobals) = postSolution
		SolutionGuid = {3C9151FF-E50D-4C99-AFD9-7BCDB17D3B66}
	EndGlobalSection
EndGlobal
